PODS:
  - FBSnapshotTestCase (2.1.4):
    - FBSnapshotTestCase/SwiftSupport (= 2.1.4)
  - FBSnapshotTestCase/Core (2.1.4)
  - FBSnapshotTestCase/SwiftSupport (2.1.4):
    - FBSnapshotTestCase/Core
  - WcjTreeTableLib (0.1.0)

DEPENDENCIES:
  - FBSnapshotTestCase
  - WcjTreeTableLib (from `../`)

SPEC REPOS:
  trunk:
    - FBSnapshotTestCase

EXTERNAL SOURCES:
  WcjTreeTableLib:
    :path: "../"

SPEC CHECKSUMS:
  FBSnapshotTestCase: 094f9f314decbabe373b87cc339bea235a63e07a
  WcjTreeTableLib: 88d88ad7df5b708931f606762091d2aa330ff835

PODFILE CHECKSUM: bc6f5e30a4d3653aed6f5f33cbb87b3c0cfc2ce2

COCOAPODS: 1.9.3
